// !$*UTF8*$!
{
	archiveVersion = 1;
	classes = {
	};
	objectVersion = 46;
	objects = {

/* Begin PBXBuildFile section */
		0528DB6414E1964B00BAE4ED /* FavoritesViewController.m in Sources */ = {isa = PBXBuildFile; fileRef = 0528DB6214E1964B00BAE4ED /* FavoritesViewController.m */; };
		0528DB6514E1964B00BAE4ED /* FavoritesView.xib in Resources */ = {isa = PBXBuildFile; fileRef = 0528DB6314E1964B00BAE4ED /* FavoritesView.xib */; };
		0528DB6814E1993E00BAE4ED /* Person.m in Sources */ = {isa = PBXBuildFile; fileRef = 0528DB6714E1993E00BAE4ED /* Person.m */; };
		0528DB6B14E19E8200BAE4ED /* BlockParty.m in Sources */ = {isa = PBXBuildFile; fileRef = 0528DB6A14E19E8100BAE4ED /* BlockParty.m */; };
		0528DB6F14E19FF200BAE4ED /* LoginViewController.m in Sources */ = {isa = PBXBuildFile; fileRef = 0528DB6D14E19FF000BAE4ED /* LoginViewController.m */; };
		0528DB7014E19FF200BAE4ED /* LoginView.xib in Resources */ = {isa = PBXBuildFile; fileRef = 0528DB6E14E19FF100BAE4ED /* LoginView.xib */; };
		0572EF6C1524C54800F3BC28 /* NewUserController.m in Sources */ = {isa = PBXBuildFile; fileRef = 0572EF6A1524C54800F3BC28 /* NewUserController.m */; };
		0572EF6D1524C54800F3BC28 /* NewUser.xib in Resources */ = {isa = PBXBuildFile; fileRef = 0572EF6B1524C54800F3BC28 /* NewUser.xib */; };
		0572EF711524C5A300F3BC28 /* ForgotPasswordViewController.m in Sources */ = {isa = PBXBuildFile; fileRef = 0572EF6F1524C5A300F3BC28 /* ForgotPasswordViewController.m */; };
		0572EF721524C5A300F3BC28 /* ForgotPasswordView.xib in Resources */ = {isa = PBXBuildFile; fileRef = 0572EF701524C5A300F3BC28 /* ForgotPasswordView.xib */; };
		05763F3B15343FF80024C04D /* MenuBG.png in Resources */ = {isa = PBXBuildFile; fileRef = 05763F3815343FF80024C04D /* MenuBG.png */; };
		05763F3C15343FF80024C04D /* ScheduleBG.png in Resources */ = {isa = PBXBuildFile; fileRef = 05763F3915343FF80024C04D /* ScheduleBG.png */; };
		05763F3D15343FF80024C04D /* SettingsBG.png in Resources */ = {isa = PBXBuildFile; fileRef = 05763F3A15343FF80024C04D /* SettingsBG.png */; };
		05763F45153440E70024C04D /* LoginButtonDown.png in Resources */ = {isa = PBXBuildFile; fileRef = 05763F40153440E70024C04D /* LoginButtonDown.png */; };
		05763F46153440E70024C04D /* LoginButtonUp.png in Resources */ = {isa = PBXBuildFile; fileRef = 05763F41153440E70024C04D /* LoginButtonUp.png */; };
		05763F47153440E70024C04D /* LoginScreenBG.png in Resources */ = {isa = PBXBuildFile; fileRef = 05763F42153440E70024C04D /* LoginScreenBG.png */; };
		05763F48153440E70024C04D /* LostPasswordDown.png in Resources */ = {isa = PBXBuildFile; fileRef = 05763F43153440E70024C04D /* LostPasswordDown.png */; };
		05763F49153440E70024C04D /* NewUserDown.png in Resources */ = {isa = PBXBuildFile; fileRef = 05763F44153440E70024C04D /* NewUserDown.png */; };
		05DDFF6515340E8F008A5099 /* TOSettingsViewController.m in Sources */ = {isa = PBXBuildFile; fileRef = 05DDFF6315340E8E008A5099 /* TOSettingsViewController.m */; };
		05DDFF6615340E8F008A5099 /* TOSettingsView.xib in Resources */ = {isa = PBXBuildFile; fileRef = 05DDFF6415340E8F008A5099 /* TOSettingsView.xib */; };
		05DDFF6A15340F1A008A5099 /* UserSettingsViewController.m in Sources */ = {isa = PBXBuildFile; fileRef = 05DDFF6815340F1A008A5099 /* UserSettingsViewController.m */; };
		05DDFF6B15340F1A008A5099 /* UserSettingsView.xib in Resources */ = {isa = PBXBuildFile; fileRef = 05DDFF6915340F1A008A5099 /* UserSettingsView.xib */; };
		05DDFF7215341571008A5099 /* ContactDown.png in Resources */ = {isa = PBXBuildFile; fileRef = 05DDFF6D15341571008A5099 /* ContactDown.png */; };
		05DDFF7315341571008A5099 /* FindDown.png in Resources */ = {isa = PBXBuildFile; fileRef = 05DDFF6E15341571008A5099 /* FindDown.png */; };
		05DDFF7415341571008A5099 /* MenuDown.png in Resources */ = {isa = PBXBuildFile; fileRef = 05DDFF6F15341571008A5099 /* MenuDown.png */; };
		05DDFF7515341571008A5099 /* ScheduleDown.png in Resources */ = {isa = PBXBuildFile; fileRef = 05DDFF7015341571008A5099 /* ScheduleDown.png */; };
		05DDFF7615341571008A5099 /* TruckViewBG.png in Resources */ = {isa = PBXBuildFile; fileRef = 05DDFF7115341571008A5099 /* TruckViewBG.png */; };
		05DDFF7D1534353B008A5099 /* MainWindow.xib in Resources */ = {isa = PBXBuildFile; fileRef = 05DDFF7C1534353B008A5099 /* MainWindow.xib */; };
		8319A71114F1F889001D72B3 /* Block_Party_Icon.png in Resources */ = {isa = PBXBuildFile; fileRef = 8319A70E14F1F889001D72B3 /* Block_Party_Icon.png */; };
		8319A71214F1F889001D72B3 /* Map_Icon.png in Resources */ = {isa = PBXBuildFile; fileRef = 8319A70F14F1F889001D72B3 /* Map_Icon.png */; };
		8319A71314F1F889001D72B3 /* Trucks_Icon.png in Resources */ = {isa = PBXBuildFile; fileRef = 8319A71014F1F889001D72B3 /* Trucks_Icon.png */; };
		8379846214F1D1B3006D14EF /* Favorites_Icon.png in Resources */ = {isa = PBXBuildFile; fileRef = 8379846114F1D1B3006D14EF /* Favorites_Icon.png */; };
		AA04BDB11434ECDA00B36634 /* TruckDetailViewController.m in Sources */ = {isa = PBXBuildFile; fileRef = AA04BDAF1434ECDA00B36634 /* TruckDetailViewController.m */; };
		AA04BDB21434ECDA00B36634 /* TruckDetailView.xib in Resources */ = {isa = PBXBuildFile; fileRef = AA04BDB01434ECDA00B36634 /* TruckDetailView.xib */; };
		AA09D316148813A9000F45A3 /* CoreLocation.framework in Frameworks */ = {isa = PBXBuildFile; fileRef = AA09D315148813A9000F45A3 /* CoreLocation.framework */; };
		AA0E9683142277E80098338F /* UIKit.framework in Frameworks */ = {isa = PBXBuildFile; fileRef = AA0E9682142277E80098338F /* UIKit.framework */; };
		AA0E9685142277E80098338F /* Foundation.framework in Frameworks */ = {isa = PBXBuildFile; fileRef = AA0E9684142277E80098338F /* Foundation.framework */; };
		AA0E9687142277E80098338F /* CoreGraphics.framework in Frameworks */ = {isa = PBXBuildFile; fileRef = AA0E9686142277E80098338F /* CoreGraphics.framework */; };
		AA0E968D142277E80098338F /* InfoPlist.strings in Resources */ = {isa = PBXBuildFile; fileRef = AA0E968B142277E80098338F /* InfoPlist.strings */; };
		AA0E968F142277E80098338F /* main.m in Sources */ = {isa = PBXBuildFile; fileRef = AA0E968E142277E80098338F /* main.m */; };
		AA0E9693142277E80098338F /* Truck_Tracker_AppAppDelegate.m in Sources */ = {isa = PBXBuildFile; fileRef = AA0E9692142277E80098338F /* Truck_Tracker_AppAppDelegate.m */; };
		AA0E969C142277E80098338F /* MapViewController.m in Sources */ = {isa = PBXBuildFile; fileRef = AA0E969B142277E80098338F /* MapViewController.m */; };
		AA0E96A2142277E80098338F /* MapView.xib in Resources */ = {isa = PBXBuildFile; fileRef = AA0E96A0142277E80098338F /* MapView.xib */; };
		AA0E96AA142277E80098338F /* SenTestingKit.framework in Frameworks */ = {isa = PBXBuildFile; fileRef = AA0E96A9142277E80098338F /* SenTestingKit.framework */; };
		AA0E96AB142277E80098338F /* UIKit.framework in Frameworks */ = {isa = PBXBuildFile; fileRef = AA0E9682142277E80098338F /* UIKit.framework */; };
		AA0E96AC142277E80098338F /* Foundation.framework in Frameworks */ = {isa = PBXBuildFile; fileRef = AA0E9684142277E80098338F /* Foundation.framework */; };
		AA0E96AD142277E80098338F /* CoreGraphics.framework in Frameworks */ = {isa = PBXBuildFile; fileRef = AA0E9686142277E80098338F /* CoreGraphics.framework */; };
		AA0E96B5142277E80098338F /* InfoPlist.strings in Resources */ = {isa = PBXBuildFile; fileRef = AA0E96B3142277E80098338F /* InfoPlist.strings */; };
		AA0E96B7142277E80098338F /* Truck_Tracker_AppTests.h in Resources */ = {isa = PBXBuildFile; fileRef = AA0E96B6142277E80098338F /* Truck_Tracker_AppTests.h */; };
		AA0E96B9142277E80098338F /* Truck_Tracker_AppTests.m in Sources */ = {isa = PBXBuildFile; fileRef = AA0E96B8142277E80098338F /* Truck_Tracker_AppTests.m */; };
		AA0E96C5142279960098338F /* BlockPartyViewController.m in Sources */ = {isa = PBXBuildFile; fileRef = AA0E96C3142279960098338F /* BlockPartyViewController.m */; };
		AA0E96C6142279960098338F /* BlockPartyView.xib in Resources */ = {isa = PBXBuildFile; fileRef = AA0E96C4142279960098338F /* BlockPartyView.xib */; };
		AA229291146C2EEF0000D6E5 /* TruckMapViewController.m in Sources */ = {isa = PBXBuildFile; fileRef = AA22928F146C2EEF0000D6E5 /* TruckMapViewController.m */; };
		AA229292146C2EEF0000D6E5 /* TruckMapView.xib in Resources */ = {isa = PBXBuildFile; fileRef = AA229290146C2EEF0000D6E5 /* TruckMapView.xib */; };
		AA2EE2FA147569AC0023BDA0 /* Westside Schedule.tiff in Resources */ = {isa = PBXBuildFile; fileRef = AA2EE2F9147569AC0023BDA0 /* Westside Schedule.tiff */; };
		AA2EE2FE14756C060023BDA0 /* ScheduleViewController.m in Sources */ = {isa = PBXBuildFile; fileRef = AA2EE2FC14756C060023BDA0 /* ScheduleViewController.m */; };
		AA2EE2FF14756C060023BDA0 /* ScheduleView.xib in Resources */ = {isa = PBXBuildFile; fileRef = AA2EE2FD14756C060023BDA0 /* ScheduleView.xib */; };
		AA4CF12B14291988003FF4A2 /* Truck.m in Sources */ = {isa = PBXBuildFile; fileRef = AA4CF12A14291988003FF4A2 /* Truck.m */; };
		AA6BBF33146042EE0084813C /* MenuViewController.m in Sources */ = {isa = PBXBuildFile; fileRef = AA6BBF31146042EE0084813C /* MenuViewController.m */; };
		AA6BBF34146042EE0084813C /* MenuView.xib in Resources */ = {isa = PBXBuildFile; fileRef = AA6BBF32146042EE0084813C /* MenuView.xib */; };
		AA72C1FB148EA849006FC715 /* TruckAnnotation.m in Sources */ = {isa = PBXBuildFile; fileRef = AA72C1FA148EA849006FC715 /* TruckAnnotation.m */; };
		AA93919D144B877200CC0203 /* TrucksViewController.m in Sources */ = {isa = PBXBuildFile; fileRef = AA93919B144B877200CC0203 /* TrucksViewController.m */; };
		AA93919E144B877200CC0203 /* TrucksView.xib in Resources */ = {isa = PBXBuildFile; fileRef = AA93919C144B877200CC0203 /* TrucksView.xib */; };
		AADA5C1D14604FB000BC977C /* Buttermilk Truck Menu.tiff in Resources */ = {isa = PBXBuildFile; fileRef = AADA5C1C14604FB000BC977C /* Buttermilk Truck Menu.tiff */; };
		AADA5C231460776000BC977C /* Lobsta Truck Menu.tiff in Resources */ = {isa = PBXBuildFile; fileRef = AADA5C221460776000BC977C /* Lobsta Truck Menu.tiff */; };
		AAE47AFE14476DCB0069BC48 /* ContactViewController.m in Sources */ = {isa = PBXBuildFile; fileRef = AAE47AFC14476DCB0069BC48 /* ContactViewController.m */; };
		AAE47AFF14476DCB0069BC48 /* ContactView.xib in Resources */ = {isa = PBXBuildFile; fileRef = AAE47AFD14476DCB0069BC48 /* ContactView.xib */; };
		AAEA98A0146C66ED00DA6067 /* MapKit.framework in Frameworks */ = {isa = PBXBuildFile; fileRef = AAEA989F146C66ED00DA6067 /* MapKit.framework */; };
/* End PBXBuildFile section */

/* Begin PBXContainerItemProxy section */
		AA0E96AE142277E80098338F /* PBXContainerItemProxy */ = {
			isa = PBXContainerItemProxy;
			containerPortal = AA0E9675142277E80098338F /* Project object */;
			proxyType = 1;
			remoteGlobalIDString = AA0E967D142277E80098338F;
			remoteInfo = "Truck Tracker App";
		};
/* End PBXContainerItemProxy section */

/* Begin PBXFileReference section */
		0528DB6114E1964B00BAE4ED /* FavoritesViewController.h */ = {isa = PBXFileReference; fileEncoding = 4; lastKnownFileType = sourcecode.c.h; name = FavoritesViewController.h; path = ../FavoritesViewController.h; sourceTree = "<group>"; };
		0528DB6214E1964B00BAE4ED /* FavoritesViewController.m */ = {isa = PBXFileReference; fileEncoding = 4; lastKnownFileType = sourcecode.c.objc; name = FavoritesViewController.m; path = ../FavoritesViewController.m; sourceTree = "<group>"; };
		0528DB6314E1964B00BAE4ED /* FavoritesView.xib */ = {isa = PBXFileReference; fileEncoding = 4; lastKnownFileType = file.xib; name = FavoritesView.xib; path = ../FavoritesView.xib; sourceTree = "<group>"; };
		0528DB6614E1993D00BAE4ED /* Person.h */ = {isa = PBXFileReference; fileEncoding = 4; lastKnownFileType = sourcecode.c.h; path = Person.h; sourceTree = "<group>"; };
		0528DB6714E1993E00BAE4ED /* Person.m */ = {isa = PBXFileReference; fileEncoding = 4; lastKnownFileType = sourcecode.c.objc; path = Person.m; sourceTree = "<group>"; };
		0528DB6914E19E8000BAE4ED /* BlockParty.h */ = {isa = PBXFileReference; fileEncoding = 4; lastKnownFileType = sourcecode.c.h; path = BlockParty.h; sourceTree = "<group>"; };
		0528DB6A14E19E8100BAE4ED /* BlockParty.m */ = {isa = PBXFileReference; fileEncoding = 4; lastKnownFileType = sourcecode.c.objc; path = BlockParty.m; sourceTree = "<group>"; };
		0528DB6C14E19FF000BAE4ED /* LoginViewController.h */ = {isa = PBXFileReference; fileEncoding = 4; lastKnownFileType = sourcecode.c.h; path = LoginViewController.h; sourceTree = "<group>"; };
		0528DB6D14E19FF000BAE4ED /* LoginViewController.m */ = {isa = PBXFileReference; fileEncoding = 4; lastKnownFileType = sourcecode.c.objc; path = LoginViewController.m; sourceTree = "<group>"; };
		0528DB6E14E19FF100BAE4ED /* LoginView.xib */ = {isa = PBXFileReference; fileEncoding = 4; lastKnownFileType = file.xib; path = LoginView.xib; sourceTree = "<group>"; };
		0572EF691524C54800F3BC28 /* NewUserController.h */ = {isa = PBXFileReference; fileEncoding = 4; lastKnownFileType = sourcecode.c.h; path = NewUserController.h; sourceTree = "<group>"; };
		0572EF6A1524C54800F3BC28 /* NewUserController.m */ = {isa = PBXFileReference; fileEncoding = 4; lastKnownFileType = sourcecode.c.objc; path = NewUserController.m; sourceTree = "<group>"; };
		0572EF6B1524C54800F3BC28 /* NewUser.xib */ = {isa = PBXFileReference; fileEncoding = 4; lastKnownFileType = file.xib; path = NewUser.xib; sourceTree = "<group>"; };
		0572EF6E1524C5A300F3BC28 /* ForgotPasswordViewController.h */ = {isa = PBXFileReference; fileEncoding = 4; lastKnownFileType = sourcecode.c.h; path = ForgotPasswordViewController.h; sourceTree = "<group>"; };
		0572EF6F1524C5A300F3BC28 /* ForgotPasswordViewController.m */ = {isa = PBXFileReference; fileEncoding = 4; lastKnownFileType = sourcecode.c.objc; path = ForgotPasswordViewController.m; sourceTree = "<group>"; };
		0572EF701524C5A300F3BC28 /* ForgotPasswordView.xib */ = {isa = PBXFileReference; fileEncoding = 4; lastKnownFileType = file.xib; path = ForgotPasswordView.xib; sourceTree = "<group>"; };
		05763F3815343FF80024C04D /* MenuBG.png */ = {isa = PBXFileReference; lastKnownFileType = image.png; path = MenuBG.png; sourceTree = "<group>"; };
		05763F3915343FF80024C04D /* ScheduleBG.png */ = {isa = PBXFileReference; lastKnownFileType = image.png; path = ScheduleBG.png; sourceTree = "<group>"; };
		05763F3A15343FF80024C04D /* SettingsBG.png */ = {isa = PBXFileReference; lastKnownFileType = image.png; path = SettingsBG.png; sourceTree = "<group>"; };
		05763F40153440E70024C04D /* LoginButtonDown.png */ = {isa = PBXFileReference; lastKnownFileType = image.png; path = LoginButtonDown.png; sourceTree = "<group>"; };
		05763F41153440E70024C04D /* LoginButtonUp.png */ = {isa = PBXFileReference; lastKnownFileType = image.png; path = LoginButtonUp.png; sourceTree = "<group>"; };
		05763F42153440E70024C04D /* LoginScreenBG.png */ = {isa = PBXFileReference; lastKnownFileType = image.png; path = LoginScreenBG.png; sourceTree = "<group>"; };
		05763F43153440E70024C04D /* LostPasswordDown.png */ = {isa = PBXFileReference; lastKnownFileType = image.png; path = LostPasswordDown.png; sourceTree = "<group>"; };
		05763F44153440E70024C04D /* NewUserDown.png */ = {isa = PBXFileReference; lastKnownFileType = image.png; path = NewUserDown.png; sourceTree = "<group>"; };
		05DDFF6215340E8E008A5099 /* TOSettingsViewController.h */ = {isa = PBXFileReference; fileEncoding = 4; lastKnownFileType = sourcecode.c.h; path = TOSettingsViewController.h; sourceTree = "<group>"; };
		05DDFF6315340E8E008A5099 /* TOSettingsViewController.m */ = {isa = PBXFileReference; fileEncoding = 4; lastKnownFileType = sourcecode.c.objc; path = TOSettingsViewController.m; sourceTree = "<group>"; };
		05DDFF6415340E8F008A5099 /* TOSettingsView.xib */ = {isa = PBXFileReference; fileEncoding = 4; lastKnownFileType = file.xib; path = TOSettingsView.xib; sourceTree = "<group>"; };
		05DDFF6715340F1A008A5099 /* UserSettingsViewController.h */ = {isa = PBXFileReference; fileEncoding = 4; lastKnownFileType = sourcecode.c.h; path = UserSettingsViewController.h; sourceTree = "<group>"; };
		05DDFF6815340F1A008A5099 /* UserSettingsViewController.m */ = {isa = PBXFileReference; fileEncoding = 4; lastKnownFileType = sourcecode.c.objc; path = UserSettingsViewController.m; sourceTree = "<group>"; };
		05DDFF6915340F1A008A5099 /* UserSettingsView.xib */ = {isa = PBXFileReference; fileEncoding = 4; lastKnownFileType = file.xib; path = UserSettingsView.xib; sourceTree = "<group>"; };
		05DDFF6D15341571008A5099 /* ContactDown.png */ = {isa = PBXFileReference; lastKnownFileType = image.png; path = ContactDown.png; sourceTree = "<group>"; };
		05DDFF6E15341571008A5099 /* FindDown.png */ = {isa = PBXFileReference; lastKnownFileType = image.png; path = FindDown.png; sourceTree = "<group>"; };
		05DDFF6F15341571008A5099 /* MenuDown.png */ = {isa = PBXFileReference; lastKnownFileType = image.png; path = MenuDown.png; sourceTree = "<group>"; };
		05DDFF7015341571008A5099 /* ScheduleDown.png */ = {isa = PBXFileReference; lastKnownFileType = image.png; path = ScheduleDown.png; sourceTree = "<group>"; };
		05DDFF7115341571008A5099 /* TruckViewBG.png */ = {isa = PBXFileReference; lastKnownFileType = image.png; path = TruckViewBG.png; sourceTree = "<group>"; };
		05DDFF7C1534353B008A5099 /* MainWindow.xib */ = {isa = PBXFileReference; fileEncoding = 4; lastKnownFileType = file.xib; path = MainWindow.xib; sourceTree = "<group>"; };
		8319A70E14F1F889001D72B3 /* Block_Party_Icon.png */ = {isa = PBXFileReference; lastKnownFileType = image.png; path = Block_Party_Icon.png; sourceTree = "<group>"; };
		8319A70F14F1F889001D72B3 /* Map_Icon.png */ = {isa = PBXFileReference; lastKnownFileType = image.png; path = Map_Icon.png; sourceTree = "<group>"; };
		8319A71014F1F889001D72B3 /* Trucks_Icon.png */ = {isa = PBXFileReference; lastKnownFileType = image.png; path = Trucks_Icon.png; sourceTree = "<group>"; };
		8379846114F1D1B3006D14EF /* Favorites_Icon.png */ = {isa = PBXFileReference; lastKnownFileType = image.png; path = Favorites_Icon.png; sourceTree = "<group>"; };
		AA04BDAE1434ECDA00B36634 /* TruckDetailViewController.h */ = {isa = PBXFileReference; fileEncoding = 4; lastKnownFileType = sourcecode.c.h; name = TruckDetailViewController.h; path = ../TruckDetailViewController.h; sourceTree = "<group>"; };
		AA04BDAF1434ECDA00B36634 /* TruckDetailViewController.m */ = {isa = PBXFileReference; fileEncoding = 4; lastKnownFileType = sourcecode.c.objc; name = TruckDetailViewController.m; path = ../TruckDetailViewController.m; sourceTree = "<group>"; };
		AA04BDB01434ECDA00B36634 /* TruckDetailView.xib */ = {isa = PBXFileReference; fileEncoding = 4; lastKnownFileType = file.xib; name = TruckDetailView.xib; path = ../TruckDetailView.xib; sourceTree = "<group>"; };
		AA09D315148813A9000F45A3 /* CoreLocation.framework */ = {isa = PBXFileReference; lastKnownFileType = wrapper.framework; name = CoreLocation.framework; path = System/Library/Frameworks/CoreLocation.framework; sourceTree = SDKROOT; };
		AA09D317148813B7000F45A3 /* CoreLocation.framework */ = {isa = PBXFileReference; lastKnownFileType = wrapper.framework; name = CoreLocation.framework; path = System/Library/Frameworks/CoreLocation.framework; sourceTree = SDKROOT; };
		AA0E967E142277E80098338F /* Truck Tracker App.app */ = {isa = PBXFileReference; explicitFileType = wrapper.application; includeInIndex = 0; path = "Truck Tracker App.app"; sourceTree = BUILT_PRODUCTS_DIR; };
		AA0E9682142277E80098338F /* UIKit.framework */ = {isa = PBXFileReference; lastKnownFileType = wrapper.framework; name = UIKit.framework; path = System/Library/Frameworks/UIKit.framework; sourceTree = SDKROOT; };
		AA0E9684142277E80098338F /* Foundation.framework */ = {isa = PBXFileReference; lastKnownFileType = wrapper.framework; name = Foundation.framework; path = System/Library/Frameworks/Foundation.framework; sourceTree = SDKROOT; };
		AA0E9686142277E80098338F /* CoreGraphics.framework */ = {isa = PBXFileReference; lastKnownFileType = wrapper.framework; name = CoreGraphics.framework; path = System/Library/Frameworks/CoreGraphics.framework; sourceTree = SDKROOT; };
		AA0E968A142277E80098338F /* Truck Tracker App-Info.plist */ = {isa = PBXFileReference; lastKnownFileType = text.plist.xml; path = "Truck Tracker App-Info.plist"; sourceTree = "<group>"; };
		AA0E968C142277E80098338F /* en */ = {isa = PBXFileReference; lastKnownFileType = text.plist.strings; name = en; path = en.lproj/InfoPlist.strings; sourceTree = "<group>"; };
		AA0E968E142277E80098338F /* main.m */ = {isa = PBXFileReference; lastKnownFileType = sourcecode.c.objc; path = main.m; sourceTree = "<group>"; };
		AA0E9690142277E80098338F /* Truck Tracker App-Prefix.pch */ = {isa = PBXFileReference; lastKnownFileType = sourcecode.c.h; path = "Truck Tracker App-Prefix.pch"; sourceTree = "<group>"; };
		AA0E9691142277E80098338F /* Truck_Tracker_AppAppDelegate.h */ = {isa = PBXFileReference; lastKnownFileType = sourcecode.c.h; path = Truck_Tracker_AppAppDelegate.h; sourceTree = "<group>"; };
		AA0E9692142277E80098338F /* Truck_Tracker_AppAppDelegate.m */ = {isa = PBXFileReference; lastKnownFileType = sourcecode.c.objc; path = Truck_Tracker_AppAppDelegate.m; sourceTree = "<group>"; };
		AA0E969A142277E80098338F /* MapViewController.h */ = {isa = PBXFileReference; lastKnownFileType = sourcecode.c.h; path = MapViewController.h; sourceTree = "<group>"; };
		AA0E969B142277E80098338F /* MapViewController.m */ = {isa = PBXFileReference; lastKnownFileType = sourcecode.c.objc; path = MapViewController.m; sourceTree = "<group>"; };
		AA0E96A1142277E80098338F /* en */ = {isa = PBXFileReference; lastKnownFileType = file.xib; name = en; path = en.lproj/MapView.xib; sourceTree = "<group>"; };
		AA0E96A8142277E80098338F /* Truck Tracker AppTests.octest */ = {isa = PBXFileReference; explicitFileType = wrapper.cfbundle; includeInIndex = 0; path = "Truck Tracker AppTests.octest"; sourceTree = BUILT_PRODUCTS_DIR; };
		AA0E96A9142277E80098338F /* SenTestingKit.framework */ = {isa = PBXFileReference; lastKnownFileType = wrapper.framework; name = SenTestingKit.framework; path = Library/Frameworks/SenTestingKit.framework; sourceTree = DEVELOPER_DIR; };
		AA0E96B2142277E80098338F /* Truck Tracker AppTests-Info.plist */ = {isa = PBXFileReference; lastKnownFileType = text.plist.xml; path = "Truck Tracker AppTests-Info.plist"; sourceTree = "<group>"; };
		AA0E96B4142277E80098338F /* en */ = {isa = PBXFileReference; lastKnownFileType = text.plist.strings; name = en; path = en.lproj/InfoPlist.strings; sourceTree = "<group>"; };
		AA0E96B6142277E80098338F /* Truck_Tracker_AppTests.h */ = {isa = PBXFileReference; lastKnownFileType = sourcecode.c.h; path = Truck_Tracker_AppTests.h; sourceTree = "<group>"; };
		AA0E96B8142277E80098338F /* Truck_Tracker_AppTests.m */ = {isa = PBXFileReference; lastKnownFileType = sourcecode.c.objc; path = Truck_Tracker_AppTests.m; sourceTree = "<group>"; };
		AA0E96C2142279960098338F /* BlockPartyViewController.h */ = {isa = PBXFileReference; fileEncoding = 4; lastKnownFileType = sourcecode.c.h; path = BlockPartyViewController.h; sourceTree = "<group>"; };
		AA0E96C3142279960098338F /* BlockPartyViewController.m */ = {isa = PBXFileReference; fileEncoding = 4; lastKnownFileType = sourcecode.c.objc; path = BlockPartyViewController.m; sourceTree = "<group>"; };
		AA0E96C4142279960098338F /* BlockPartyView.xib */ = {isa = PBXFileReference; fileEncoding = 4; lastKnownFileType = file.xib; path = BlockPartyView.xib; sourceTree = "<group>"; };
		AA22928E146C2EEF0000D6E5 /* TruckMapViewController.h */ = {isa = PBXFileReference; fileEncoding = 4; lastKnownFileType = sourcecode.c.h; path = TruckMapViewController.h; sourceTree = "<group>"; };
		AA22928F146C2EEF0000D6E5 /* TruckMapViewController.m */ = {isa = PBXFileReference; fileEncoding = 4; lastKnownFileType = sourcecode.c.objc; path = TruckMapViewController.m; sourceTree = "<group>"; };
		AA229290146C2EEF0000D6E5 /* TruckMapView.xib */ = {isa = PBXFileReference; fileEncoding = 4; lastKnownFileType = file.xib; path = TruckMapView.xib; sourceTree = "<group>"; };
		AA2EE2F9147569AC0023BDA0 /* Westside Schedule.tiff */ = {isa = PBXFileReference; lastKnownFileType = image.tiff; path = "Westside Schedule.tiff"; sourceTree = "<group>"; };
		AA2EE2FB14756C060023BDA0 /* ScheduleViewController.h */ = {isa = PBXFileReference; fileEncoding = 4; lastKnownFileType = sourcecode.c.h; path = ScheduleViewController.h; sourceTree = "<group>"; };
		AA2EE2FC14756C060023BDA0 /* ScheduleViewController.m */ = {isa = PBXFileReference; fileEncoding = 4; lastKnownFileType = sourcecode.c.objc; path = ScheduleViewController.m; sourceTree = "<group>"; };
		AA2EE2FD14756C060023BDA0 /* ScheduleView.xib */ = {isa = PBXFileReference; fileEncoding = 4; lastKnownFileType = file.xib; path = ScheduleView.xib; sourceTree = "<group>"; };
		AA4CF12914291988003FF4A2 /* Truck.h */ = {isa = PBXFileReference; fileEncoding = 4; lastKnownFileType = sourcecode.c.h; path = Truck.h; sourceTree = "<group>"; };
		AA4CF12A14291988003FF4A2 /* Truck.m */ = {isa = PBXFileReference; fileEncoding = 4; lastKnownFileType = sourcecode.c.objc; path = Truck.m; sourceTree = "<group>"; };
		AA6BBF30146042EE0084813C /* MenuViewController.h */ = {isa = PBXFileReference; fileEncoding = 4; lastKnownFileType = sourcecode.c.h; name = MenuViewController.h; path = ../MenuViewController.h; sourceTree = "<group>"; };
		AA6BBF31146042EE0084813C /* MenuViewController.m */ = {isa = PBXFileReference; fileEncoding = 4; lastKnownFileType = sourcecode.c.objc; name = MenuViewController.m; path = ../MenuViewController.m; sourceTree = "<group>"; };
		AA6BBF32146042EE0084813C /* MenuView.xib */ = {isa = PBXFileReference; fileEncoding = 4; lastKnownFileType = file.xib; name = MenuView.xib; path = ../MenuView.xib; sourceTree = "<group>"; };
		AA72C1F9148EA849006FC715 /* TruckAnnotation.h */ = {isa = PBXFileReference; fileEncoding = 4; lastKnownFileType = sourcecode.c.h; path = TruckAnnotation.h; sourceTree = "<group>"; };
		AA72C1FA148EA849006FC715 /* TruckAnnotation.m */ = {isa = PBXFileReference; fileEncoding = 4; lastKnownFileType = sourcecode.c.objc; path = TruckAnnotation.m; sourceTree = "<group>"; };
		AA93919A144B877200CC0203 /* TrucksViewController.h */ = {isa = PBXFileReference; fileEncoding = 4; lastKnownFileType = sourcecode.c.h; path = TrucksViewController.h; sourceTree = "<group>"; };
		AA93919B144B877200CC0203 /* TrucksViewController.m */ = {isa = PBXFileReference; fileEncoding = 4; lastKnownFileType = sourcecode.c.objc; path = TrucksViewController.m; sourceTree = "<group>"; };
		AA93919C144B877200CC0203 /* TrucksView.xib */ = {isa = PBXFileReference; fileEncoding = 4; lastKnownFileType = file.xib; path = TrucksView.xib; sourceTree = "<group>"; };
		AADA5C1C14604FB000BC977C /* Buttermilk Truck Menu.tiff */ = {isa = PBXFileReference; lastKnownFileType = image.tiff; path = "Buttermilk Truck Menu.tiff"; sourceTree = "<group>"; };
		AADA5C221460776000BC977C /* Lobsta Truck Menu.tiff */ = {isa = PBXFileReference; lastKnownFileType = image.tiff; path = "Lobsta Truck Menu.tiff"; sourceTree = "<group>"; };
		AAE47AFB14476DCB0069BC48 /* ContactViewController.h */ = {isa = PBXFileReference; fileEncoding = 4; lastKnownFileType = sourcecode.c.h; path = ContactViewController.h; sourceTree = "<group>"; };
		AAE47AFC14476DCB0069BC48 /* ContactViewController.m */ = {isa = PBXFileReference; fileEncoding = 4; lastKnownFileType = sourcecode.c.objc; path = ContactViewController.m; sourceTree = "<group>"; };
		AAE47AFD14476DCB0069BC48 /* ContactView.xib */ = {isa = PBXFileReference; fileEncoding = 4; lastKnownFileType = file.xib; path = ContactView.xib; sourceTree = "<group>"; };
		AAEA989F146C66ED00DA6067 /* MapKit.framework */ = {isa = PBXFileReference; lastKnownFileType = wrapper.framework; name = MapKit.framework; path = System/Library/Frameworks/MapKit.framework; sourceTree = SDKROOT; };
/* End PBXFileReference section */

/* Begin PBXFrameworksBuildPhase section */
		AA0E967B142277E80098338F /* Frameworks */ = {
			isa = PBXFrameworksBuildPhase;
			buildActionMask = 2147483647;
			files = (
				AA09D316148813A9000F45A3 /* CoreLocation.framework in Frameworks */,
				AA0E9683142277E80098338F /* UIKit.framework in Frameworks */,
				AA0E9685142277E80098338F /* Foundation.framework in Frameworks */,
				AA0E9687142277E80098338F /* CoreGraphics.framework in Frameworks */,
				AAEA98A0146C66ED00DA6067 /* MapKit.framework in Frameworks */,
			);
			runOnlyForDeploymentPostprocessing = 0;
		};
		AA0E96A4142277E80098338F /* Frameworks */ = {
			isa = PBXFrameworksBuildPhase;
			buildActionMask = 2147483647;
			files = (
				AA0E96AA142277E80098338F /* SenTestingKit.framework in Frameworks */,
				AA0E96AB142277E80098338F /* UIKit.framework in Frameworks */,
				AA0E96AC142277E80098338F /* Foundation.framework in Frameworks */,
				AA0E96AD142277E80098338F /* CoreGraphics.framework in Frameworks */,
			);
			runOnlyForDeploymentPostprocessing = 0;
		};
/* End PBXFrameworksBuildPhase section */

/* Begin PBXGroup section */
		0572EF671524C48600F3BC28 /* Login Group */ = {
			isa = PBXGroup;
			children = (
				0528DB6C14E19FF000BAE4ED /* LoginViewController.h */,
				0528DB6D14E19FF000BAE4ED /* LoginViewController.m */,
				0528DB6E14E19FF100BAE4ED /* LoginView.xib */,
				0572EF691524C54800F3BC28 /* NewUserController.h */,
				0572EF6A1524C54800F3BC28 /* NewUserController.m */,
				0572EF6B1524C54800F3BC28 /* NewUser.xib */,
				0572EF6E1524C5A300F3BC28 /* ForgotPasswordViewController.h */,
				0572EF6F1524C5A300F3BC28 /* ForgotPasswordViewController.m */,
				0572EF701524C5A300F3BC28 /* ForgotPasswordView.xib */,
			);
			name = "Login Group";
			sourceTree = "<group>";
		};
		05763F3715343FF80024C04D /* Screens */ = {
			isa = PBXGroup;
			children = (
				05763F3815343FF80024C04D /* MenuBG.png */,
				05763F3915343FF80024C04D /* ScheduleBG.png */,
				05763F3A15343FF80024C04D /* SettingsBG.png */,
			);
			path = Screens;
			sourceTree = "<group>";
		};
		05763F3F153440E70024C04D /* Login Screen v2 */ = {
			isa = PBXGroup;
			children = (
				05763F40153440E70024C04D /* LoginButtonDown.png */,
				05763F41153440E70024C04D /* LoginButtonUp.png */,
				05763F42153440E70024C04D /* LoginScreenBG.png */,
				05763F43153440E70024C04D /* LostPasswordDown.png */,
				05763F44153440E70024C04D /* NewUserDown.png */,
			);
			path = "Login Screen v2";
			sourceTree = "<group>";
		};
		05D7718F14E42B650039113F /* Block Party Group */ = {
			isa = PBXGroup;
			children = (
			);
			name = "Block Party Group";
			sourceTree = "<group>";
		};
		05D7719114E42C130039113F /* Shared Truck/Block Party Views */ = {
			isa = PBXGroup;
			children = (
			);
			name = "Shared Truck/Block Party Views";
			sourceTree = "<group>";
		};
		05DDFF6C15341571008A5099 /* TruckView */ = {
			isa = PBXGroup;
			children = (
				05DDFF6D15341571008A5099 /* ContactDown.png */,
				05DDFF6E15341571008A5099 /* FindDown.png */,
				05DDFF6F15341571008A5099 /* MenuDown.png */,
				05DDFF7015341571008A5099 /* ScheduleDown.png */,
				05DDFF7115341571008A5099 /* TruckViewBG.png */,
			);
			path = TruckView;
			sourceTree = "<group>";
		};
		AA0E9673142277E80098338F = {
			isa = PBXGroup;
			children = (
				AA09D315148813A9000F45A3 /* CoreLocation.framework */,
				AA0E9688142277E80098338F /* Truck Tracker App */,
				AA0E96B0142277E80098338F /* Truck Tracker AppTests */,
				AA0E9681142277E80098338F /* Frameworks */,
				AA0E967F142277E80098338F /* Products */,
			);
			sourceTree = "<group>";
		};
		AA0E967F142277E80098338F /* Products */ = {
			isa = PBXGroup;
			children = (
				AA0E967E142277E80098338F /* Truck Tracker App.app */,
				AA0E96A8142277E80098338F /* Truck Tracker AppTests.octest */,
			);
			name = Products;
			sourceTree = "<group>";
		};
		AA0E9681142277E80098338F /* Frameworks */ = {
			isa = PBXGroup;
			children = (
				AA09D317148813B7000F45A3 /* CoreLocation.framework */,
				AAEA989F146C66ED00DA6067 /* MapKit.framework */,
				AA0E9682142277E80098338F /* UIKit.framework */,
				AA0E9684142277E80098338F /* Foundation.framework */,
				AA0E9686142277E80098338F /* CoreGraphics.framework */,
				AA0E96A9142277E80098338F /* SenTestingKit.framework */,
			);
			name = Frameworks;
			sourceTree = "<group>";
		};
		AA0E9688142277E80098338F /* Truck Tracker App */ = {
			isa = PBXGroup;
			children = (
				0572EF671524C48600F3BC28 /* Login Group */,
				AA939198144B86AD00CC0203 /* Tab Bar Group */,
				AA939199144B86F300CC0203 /* Truck Group */,
				05D7719114E42C130039113F /* Shared Truck/Block Party Views */,
				05D7718F14E42B650039113F /* Block Party Group */,
				AA0E9689142277E80098338F /* Supporting Files */,
			);
			path = "Truck Tracker App";
			sourceTree = "<group>";
		};
		AA0E9689142277E80098338F /* Supporting Files */ = {
			isa = PBXGroup;
			children = (
				AA0E968A142277E80098338F /* Truck Tracker App-Info.plist */,
				AA0E968B142277E80098338F /* InfoPlist.strings */,
				AA0E968E142277E80098338F /* main.m */,
				AA0E9690142277E80098338F /* Truck Tracker App-Prefix.pch */,
			);
			name = "Supporting Files";
			sourceTree = "<group>";
		};
		AA0E96B0142277E80098338F /* Truck Tracker AppTests */ = {
			isa = PBXGroup;
			children = (
				AA0E96B6142277E80098338F /* Truck_Tracker_AppTests.h */,
				AA0E96B8142277E80098338F /* Truck_Tracker_AppTests.m */,
				AA0E96B1142277E80098338F /* Supporting Files */,
			);
			path = "Truck Tracker AppTests";
			sourceTree = "<group>";
		};
		AA0E96B1142277E80098338F /* Supporting Files */ = {
			isa = PBXGroup;
			children = (
				AA0E96B2142277E80098338F /* Truck Tracker AppTests-Info.plist */,
				AA0E96B3142277E80098338F /* InfoPlist.strings */,
			);
			name = "Supporting Files";
			sourceTree = "<group>";
		};
		AA939198144B86AD00CC0203 /* Tab Bar Group */ = {
			isa = PBXGroup;
			children = (
				05DDFF7C1534353B008A5099 /* MainWindow.xib */,
				AA0E9691142277E80098338F /* Truck_Tracker_AppAppDelegate.h */,
				AA0E9692142277E80098338F /* Truck_Tracker_AppAppDelegate.m */,
				AA93919A144B877200CC0203 /* TrucksViewController.h */,
				AA93919B144B877200CC0203 /* TrucksViewController.m */,
				AA93919C144B877200CC0203 /* TrucksView.xib */,
				AA0E96C2142279960098338F /* BlockPartyViewController.h */,
				AA0E96C3142279960098338F /* BlockPartyViewController.m */,
				AA0E96C4142279960098338F /* BlockPartyView.xib */,
				0528DB6114E1964B00BAE4ED /* FavoritesViewController.h */,
				0528DB6214E1964B00BAE4ED /* FavoritesViewController.m */,
				0528DB6314E1964B00BAE4ED /* FavoritesView.xib */,
				AA0E969A142277E80098338F /* MapViewController.h */,
				AA0E969B142277E80098338F /* MapViewController.m */,
				AA0E96A0142277E80098338F /* MapView.xib */,
				05DDFF6715340F1A008A5099 /* UserSettingsViewController.h */,
				05DDFF6815340F1A008A5099 /* UserSettingsViewController.m */,
				05DDFF6915340F1A008A5099 /* UserSettingsView.xib */,
				05DDFF6215340E8E008A5099 /* TOSettingsViewController.h */,
				05DDFF6315340E8E008A5099 /* TOSettingsViewController.m */,
				05DDFF6415340E8F008A5099 /* TOSettingsView.xib */,
				AA72C1F9148EA849006FC715 /* TruckAnnotation.h */,
				AA72C1FA148EA849006FC715 /* TruckAnnotation.m */,
				AA4CF12914291988003FF4A2 /* Truck.h */,
				AA4CF12A14291988003FF4A2 /* Truck.m */,
				0528DB6614E1993D00BAE4ED /* Person.h */,
				0528DB6714E1993E00BAE4ED /* Person.m */,
				0528DB6914E19E8000BAE4ED /* BlockParty.h */,
				0528DB6A14E19E8100BAE4ED /* BlockParty.m */,
				8319A70E14F1F889001D72B3 /* Block_Party_Icon.png */,
				8319A70F14F1F889001D72B3 /* Map_Icon.png */,
				8319A71014F1F889001D72B3 /* Trucks_Icon.png */,
				8379846114F1D1B3006D14EF /* Favorites_Icon.png */,
				05763F3715343FF80024C04D /* Screens */,
			);
			name = "Tab Bar Group";
			sourceTree = "<group>";
		};
		AA939199144B86F300CC0203 /* Truck Group */ = {
			isa = PBXGroup;
			children = (
				AA04BDAE1434ECDA00B36634 /* TruckDetailViewController.h */,
				AA04BDAF1434ECDA00B36634 /* TruckDetailViewController.m */,
				AA04BDB01434ECDA00B36634 /* TruckDetailView.xib */,
				AA22928E146C2EEF0000D6E5 /* TruckMapViewController.h */,
				AA22928F146C2EEF0000D6E5 /* TruckMapViewController.m */,
				AA229290146C2EEF0000D6E5 /* TruckMapView.xib */,
				AA6BBF30146042EE0084813C /* MenuViewController.h */,
				AA6BBF31146042EE0084813C /* MenuViewController.m */,
				AA6BBF32146042EE0084813C /* MenuView.xib */,
				AA2EE2FB14756C060023BDA0 /* ScheduleViewController.h */,
				AA2EE2FC14756C060023BDA0 /* ScheduleViewController.m */,
				AA2EE2FD14756C060023BDA0 /* ScheduleView.xib */,
				AAE47AFB14476DCB0069BC48 /* ContactViewController.h */,
				AAE47AFC14476DCB0069BC48 /* ContactViewController.m */,
				AAE47AFD14476DCB0069BC48 /* ContactView.xib */,
				AADA5C1C14604FB000BC977C /* Buttermilk Truck Menu.tiff */,
				AADA5C221460776000BC977C /* Lobsta Truck Menu.tiff */,
				AA2EE2F9147569AC0023BDA0 /* Westside Schedule.tiff */,
				05763F3F153440E70024C04D /* Login Screen v2 */,
				05DDFF6C15341571008A5099 /* TruckView */,
			);
			name = "Truck Group";
			sourceTree = "<group>";
		};
/* End PBXGroup section */

/* Begin PBXNativeTarget section */
		AA0E967D142277E80098338F /* Truck Tracker App */ = {
			isa = PBXNativeTarget;
			buildConfigurationList = AA0E96BC142277E80098338F /* Build configuration list for PBXNativeTarget "Truck Tracker App" */;
			buildPhases = (
				AA0E967A142277E80098338F /* Sources */,
				AA0E967B142277E80098338F /* Frameworks */,
				AA0E967C142277E80098338F /* Resources */,
			);
			buildRules = (
			);
			dependencies = (
			);
			name = "Truck Tracker App";
			productName = "Truck Tracker App";
			productReference = AA0E967E142277E80098338F /* Truck Tracker App.app */;
			productType = "com.apple.product-type.application";
		};
		AA0E96A7142277E80098338F /* Truck Tracker AppTests */ = {
			isa = PBXNativeTarget;
			buildConfigurationList = AA0E96BF142277E80098338F /* Build configuration list for PBXNativeTarget "Truck Tracker AppTests" */;
			buildPhases = (
				AA0E96A3142277E80098338F /* Sources */,
				AA0E96A4142277E80098338F /* Frameworks */,
				AA0E96A5142277E80098338F /* Resources */,
				AA0E96A6142277E80098338F /* ShellScript */,
			);
			buildRules = (
			);
			dependencies = (
				AA0E96AF142277E80098338F /* PBXTargetDependency */,
			);
			name = "Truck Tracker AppTests";
			productName = "Truck Tracker AppTests";
			productReference = AA0E96A8142277E80098338F /* Truck Tracker AppTests.octest */;
			productType = "com.apple.product-type.bundle";
		};
/* End PBXNativeTarget section */

/* Begin PBXProject section */
		AA0E9675142277E80098338F /* Project object */ = {
			isa = PBXProject;
			attributes = {
				LastUpgradeCheck = 0430;
				ORGANIZATIONNAME = "Parthenon Productions";
			};
			buildConfigurationList = AA0E9678142277E80098338F /* Build configuration list for PBXProject "Truck Tracker App" */;
			compatibilityVersion = "Xcode 3.2";
			developmentRegion = English;
			hasScannedForEncodings = 0;
			knownRegions = (
				en,
			);
			mainGroup = AA0E9673142277E80098338F;
			productRefGroup = AA0E967F142277E80098338F /* Products */;
			projectDirPath = "";
			projectRoot = "";
			targets = (
				AA0E967D142277E80098338F /* Truck Tracker App */,
				AA0E96A7142277E80098338F /* Truck Tracker AppTests */,
			);
		};
/* End PBXProject section */

/* Begin PBXResourcesBuildPhase section */
		AA0E967C142277E80098338F /* Resources */ = {
			isa = PBXResourcesBuildPhase;
			buildActionMask = 2147483647;
			files = (
				AA0E968D142277E80098338F /* InfoPlist.strings in Resources */,
				AA0E96A2142277E80098338F /* MapView.xib in Resources */,
				AA0E96C6142279960098338F /* BlockPartyView.xib in Resources */,
				AA04BDB21434ECDA00B36634 /* TruckDetailView.xib in Resources */,
				AAE47AFF14476DCB0069BC48 /* ContactView.xib in Resources */,
				AA93919E144B877200CC0203 /* TrucksView.xib in Resources */,
				AA6BBF34146042EE0084813C /* MenuView.xib in Resources */,
				AADA5C1D14604FB000BC977C /* Buttermilk Truck Menu.tiff in Resources */,
				AADA5C231460776000BC977C /* Lobsta Truck Menu.tiff in Resources */,
				AA229292146C2EEF0000D6E5 /* TruckMapView.xib in Resources */,
				AA2EE2FA147569AC0023BDA0 /* Westside Schedule.tiff in Resources */,
				AA2EE2FF14756C060023BDA0 /* ScheduleView.xib in Resources */,
				0528DB6514E1964B00BAE4ED /* FavoritesView.xib in Resources */,
				0528DB7014E19FF200BAE4ED /* LoginView.xib in Resources */,
				8379846214F1D1B3006D14EF /* Favorites_Icon.png in Resources */,
				8319A71114F1F889001D72B3 /* Block_Party_Icon.png in Resources */,
				8319A71214F1F889001D72B3 /* Map_Icon.png in Resources */,
				8319A71314F1F889001D72B3 /* Trucks_Icon.png in Resources */,
				0572EF6D1524C54800F3BC28 /* NewUser.xib in Resources */,
				0572EF721524C5A300F3BC28 /* ForgotPasswordView.xib in Resources */,
				05DDFF6615340E8F008A5099 /* TOSettingsView.xib in Resources */,
				05DDFF6B15340F1A008A5099 /* UserSettingsView.xib in Resources */,
				05DDFF7215341571008A5099 /* ContactDown.png in Resources */,
				05DDFF7315341571008A5099 /* FindDown.png in Resources */,
				05DDFF7415341571008A5099 /* MenuDown.png in Resources */,
				05DDFF7515341571008A5099 /* ScheduleDown.png in Resources */,
				05DDFF7615341571008A5099 /* TruckViewBG.png in Resources */,
				05DDFF7D1534353B008A5099 /* MainWindow.xib in Resources */,
				05763F3B15343FF80024C04D /* MenuBG.png in Resources */,
				05763F3C15343FF80024C04D /* ScheduleBG.png in Resources */,
				05763F3D15343FF80024C04D /* SettingsBG.png in Resources */,
				05763F45153440E70024C04D /* LoginButtonDown.png in Resources */,
				05763F46153440E70024C04D /* LoginButtonUp.png in Resources */,
				05763F47153440E70024C04D /* LoginScreenBG.png in Resources */,
				05763F48153440E70024C04D /* LostPasswordDown.png in Resources */,
				05763F49153440E70024C04D /* NewUserDown.png in Resources */,
			);
			runOnlyForDeploymentPostprocessing = 0;
		};
		AA0E96A5142277E80098338F /* Resources */ = {
			isa = PBXResourcesBuildPhase;
			buildActionMask = 2147483647;
			files = (
				AA0E96B5142277E80098338F /* InfoPlist.strings in Resources */,
				AA0E96B7142277E80098338F /* Truck_Tracker_AppTests.h in Resources */,
			);
			runOnlyForDeploymentPostprocessing = 0;
		};
/* End PBXResourcesBuildPhase section */

/* Begin PBXShellScriptBuildPhase section */
		AA0E96A6142277E80098338F /* ShellScript */ = {
			isa = PBXShellScriptBuildPhase;
			buildActionMask = 2147483647;
			files = (
			);
			inputPaths = (
			);
			outputPaths = (
			);
			runOnlyForDeploymentPostprocessing = 0;
			shellPath = /bin/sh;
			shellScript = "# Run the unit tests in this test bundle.\n\"${SYSTEM_DEVELOPER_DIR}/Tools/RunUnitTests\"\n";
		};
/* End PBXShellScriptBuildPhase section */

/* Begin PBXSourcesBuildPhase section */
		AA0E967A142277E80098338F /* Sources */ = {
			isa = PBXSourcesBuildPhase;
			buildActionMask = 2147483647;
			files = (
				AA0E968F142277E80098338F /* main.m in Sources */,
				AA0E9693142277E80098338F /* Truck_Tracker_AppAppDelegate.m in Sources */,
				AA0E969C142277E80098338F /* MapViewController.m in Sources */,
				AA0E96C5142279960098338F /* BlockPartyViewController.m in Sources */,
				AA4CF12B14291988003FF4A2 /* Truck.m in Sources */,
				AA04BDB11434ECDA00B36634 /* TruckDetailViewController.m in Sources */,
				AAE47AFE14476DCB0069BC48 /* ContactViewController.m in Sources */,
				AA93919D144B877200CC0203 /* TrucksViewController.m in Sources */,
				AA6BBF33146042EE0084813C /* MenuViewController.m in Sources */,
				AA229291146C2EEF0000D6E5 /* TruckMapViewController.m in Sources */,
				AA2EE2FE14756C060023BDA0 /* ScheduleViewController.m in Sources */,
				AA72C1FB148EA849006FC715 /* TruckAnnotation.m in Sources */,
				0528DB6414E1964B00BAE4ED /* FavoritesViewController.m in Sources */,
				0528DB6814E1993E00BAE4ED /* Person.m in Sources */,
				0528DB6B14E19E8200BAE4ED /* BlockParty.m in Sources */,
				0528DB6F14E19FF200BAE4ED /* LoginViewController.m in Sources */,
				0572EF6C1524C54800F3BC28 /* NewUserController.m in Sources */,
				0572EF711524C5A300F3BC28 /* ForgotPasswordViewController.m in Sources */,
				05DDFF6515340E8F008A5099 /* TOSettingsViewController.m in Sources */,
				05DDFF6A15340F1A008A5099 /* UserSettingsViewController.m in Sources */,
			);
			runOnlyForDeploymentPostprocessing = 0;
		};
		AA0E96A3142277E80098338F /* Sources */ = {
			isa = PBXSourcesBuildPhase;
			buildActionMask = 2147483647;
			files = (
				AA0E96B9142277E80098338F /* Truck_Tracker_AppTests.m in Sources */,
			);
			runOnlyForDeploymentPostprocessing = 0;
		};
/* End PBXSourcesBuildPhase section */

/* Begin PBXTargetDependency section */
		AA0E96AF142277E80098338F /* PBXTargetDependency */ = {
			isa = PBXTargetDependency;
			target = AA0E967D142277E80098338F /* Truck Tracker App */;
			targetProxy = AA0E96AE142277E80098338F /* PBXContainerItemProxy */;
		};
/* End PBXTargetDependency section */

/* Begin PBXVariantGroup section */
		AA0E968B142277E80098338F /* InfoPlist.strings */ = {
			isa = PBXVariantGroup;
			children = (
				AA0E968C142277E80098338F /* en */,
			);
			name = InfoPlist.strings;
			sourceTree = "<group>";
		};
		AA0E96A0142277E80098338F /* MapView.xib */ = {
			isa = PBXVariantGroup;
			children = (
				AA0E96A1142277E80098338F /* en */,
			);
			name = MapView.xib;
			sourceTree = "<group>";
		};
		AA0E96B3142277E80098338F /* InfoPlist.strings */ = {
			isa = PBXVariantGroup;
			children = (
				AA0E96B4142277E80098338F /* en */,
			);
			name = InfoPlist.strings;
			sourceTree = "<group>";
		};
/* End PBXVariantGroup section */

/* Begin XCBuildConfiguration section */
		AA0E96BA142277E80098338F /* Debug */ = {
			isa = XCBuildConfiguration;
			buildSettings = {
				ALWAYS_SEARCH_USER_PATHS = NO;
				ARCHS = "$(ARCHS_STANDARD_32_BIT)";
				"CODE_SIGN_IDENTITY[sdk=iphoneos*]" = "iPhone Developer";
				COPY_PHASE_STRIP = NO;
				GCC_C_LANGUAGE_STANDARD = gnu99;
				GCC_DYNAMIC_NO_PIC = NO;
				GCC_OPTIMIZATION_LEVEL = 0;
				GCC_PREPROCESSOR_DEFINITIONS = (
					"DEBUG=1",
					"$(inherited)",
				);
				GCC_SYMBOLS_PRIVATE_EXTERN = NO;
				GCC_VERSION = com.apple.compilers.llvmgcc42;
				GCC_WARN_ABOUT_MISSING_PROTOTYPES = YES;
				GCC_WARN_ABOUT_RETURN_TYPE = YES;
				GCC_WARN_UNUSED_VARIABLE = YES;
				IPHONEOS_DEPLOYMENT_TARGET = 4.3;
				SDKROOT = iphoneos;
			};
			name = Debug;
		};
		AA0E96BB142277E80098338F /* Release */ = {
			isa = XCBuildConfiguration;
			buildSettings = {
				ALWAYS_SEARCH_USER_PATHS = NO;
				ARCHS = "$(ARCHS_STANDARD_32_BIT)";
				"CODE_SIGN_IDENTITY[sdk=iphoneos*]" = "iPhone Developer";
				COPY_PHASE_STRIP = YES;
				GCC_C_LANGUAGE_STANDARD = gnu99;
				GCC_VERSION = com.apple.compilers.llvmgcc42;
				GCC_WARN_ABOUT_MISSING_PROTOTYPES = YES;
				GCC_WARN_ABOUT_RETURN_TYPE = YES;
				GCC_WARN_UNUSED_VARIABLE = YES;
				IPHONEOS_DEPLOYMENT_TARGET = 4.3;
				OTHER_CFLAGS = "-DNS_BLOCK_ASSERTIONS=1";
				SDKROOT = iphoneos;
				VALIDATE_PRODUCT = YES;
			};
			name = Release;
		};
		AA0E96BD142277E80098338F /* Debug */ = {
			isa = XCBuildConfiguration;
			buildSettings = {
				GCC_PRECOMPILE_PREFIX_HEADER = YES;
				GCC_PREFIX_HEADER = "Truck Tracker App/Truck Tracker App-Prefix.pch";
				GCC_VERSION = com.apple.compilers.llvm.clang.1_0;
				INFOPLIST_FILE = "Truck Tracker App/Truck Tracker App-Info.plist";
				PRODUCT_NAME = "$(TARGET_NAME)";
				WRAPPER_EXTENSION = app;
			};
			name = Debug;
		};
		AA0E96BE142277E80098338F /* Release */ = {
			isa = XCBuildConfiguration;
			buildSettings = {
				GCC_PRECOMPILE_PREFIX_HEADER = YES;
				GCC_PREFIX_HEADER = "Truck Tracker App/Truck Tracker App-Prefix.pch";
				GCC_VERSION = com.apple.compilers.llvm.clang.1_0;
				INFOPLIST_FILE = "Truck Tracker App/Truck Tracker App-Info.plist";
				PRODUCT_NAME = "$(TARGET_NAME)";
				WRAPPER_EXTENSION = app;
			};
			name = Release;
		};
		AA0E96C0142277E80098338F /* Debug */ = {
			isa = XCBuildConfiguration;
			buildSettings = {
				BUNDLE_LOADER = "$(BUILT_PRODUCTS_DIR)/Truck Tracker App.app/Truck Tracker App";
				FRAMEWORK_SEARCH_PATHS = (
					"$(SDKROOT)/Developer/Library/Frameworks",
					"$(DEVELOPER_LIBRARY_DIR)/Frameworks",
				);
				GCC_PRECOMPILE_PREFIX_HEADER = YES;
				GCC_PREFIX_HEADER = "Truck Tracker App/Truck Tracker App-Prefix.pch";
				GCC_VERSION = com.apple.compilers.llvm.clang.1_0;
				INFOPLIST_FILE = "Truck Tracker AppTests/Truck Tracker AppTests-Info.plist";
				PRODUCT_NAME = "$(TARGET_NAME)";
				TEST_HOST = "$(BUNDLE_LOADER)";
				WRAPPER_EXTENSION = octest;
			};
			name = Debug;
		};
		AA0E96C1142277E80098338F /* Release */ = {
			isa = XCBuildConfiguration;
			buildSettings = {
				BUNDLE_LOADER = "$(BUILT_PRODUCTS_DIR)/Truck Tracker App.app/Truck Tracker App";
				FRAMEWORK_SEARCH_PATHS = (
					"$(SDKROOT)/Developer/Library/Frameworks",
					"$(DEVELOPER_LIBRARY_DIR)/Frameworks",
				);
				GCC_PRECOMPILE_PREFIX_HEADER = YES;
				GCC_PREFIX_HEADER = "Truck Tracker App/Truck Tracker App-Prefix.pch";
				GCC_VERSION = com.apple.compilers.llvm.clang.1_0;
				INFOPLIST_FILE = "Truck Tracker AppTests/Truck Tracker AppTests-Info.plist";
				PRODUCT_NAME = "$(TARGET_NAME)";
				TEST_HOST = "$(BUNDLE_LOADER)";
				WRAPPER_EXTENSION = octest;
			};
			name = Release;
		};
/* End XCBuildConfiguration section */

/* Begin XCConfigurationList section */
		AA0E9678142277E80098338F /* Build configuration list for PBXProject "Truck Tracker App" */ = {
			isa = XCConfigurationList;
			buildConfigurations = (
				AA0E96BA142277E80098338F /* Debug */,
				AA0E96BB142277E80098338F /* Release */,
			);
			defaultConfigurationIsVisible = 0;
			defaultConfigurationName = Release;
		};
		AA0E96BC142277E80098338F /* Build configuration list for PBXNativeTarget "Truck Tracker App" */ = {
			isa = XCConfigurationList;
			buildConfigurations = (
				AA0E96BD142277E80098338F /* Debug */,
				AA0E96BE142277E80098338F /* Release */,
			);
			defaultConfigurationIsVisible = 0;
			defaultConfigurationName = Release;
		};
		AA0E96BF142277E80098338F /* Build configuration list for PBXNativeTarget "Truck Tracker AppTests" */ = {
			isa = XCConfigurationList;
			buildConfigurations = (
				AA0E96C0142277E80098338F /* Debug */,
				AA0E96C1142277E80098338F /* Release */,
			);
			defaultConfigurationIsVisible = 0;
			defaultConfigurationName = Release;
		};
/* End XCConfigurationList section */
	};
	rootObject = AA0E9675142277E80098338F /* Project object */;
}
